{
  "nodes": {
    "flake-programs-sqlite": {
      "inputs": {
        "nixpkgs": [
          "nixpkgs"
        ],
        "utils": "utils"
      },
      "locked": {
        "lastModified": 1720948598,
        "narHash": "sha256-Nd0UlVEnQeZvMlVSidm/zE36cdha03T5J6j28W34k7M=",
        "owner": "wamserma",
        "repo": "flake-programs-sqlite",
        "rev": "ec954d09692b241b724c5f4b98078d77f4c948c5",
        "type": "github"
      },
      "original": {
        "owner": "wamserma",
        "repo": "flake-programs-sqlite",
        "type": "github"
      }
    },
    "hidden": {
      "locked": {
        "lastModified": 1721758078,
        "narHash": "sha256-6oJfO5+3/PKTlJEBuLpRM16eb0DMsnE+ph0WLAZE3nY=",
        "ref": "refs/heads/main",
        "rev": "c9f5df9e3be469bcf7a5c50eec6e792cedfcece1",
        "revCount": 7,
        "type": "git",
        "url": "file:///home/breda/Documents/nixconfig/hidden"
      },
      "original": {
        "type": "git",
        "url": "file:///home/breda/Documents/nixconfig/hidden"
      }
    },
    "nixpkgs": {
      "locked": {
        "lastModified": 1720823163,
        "narHash": "sha256-FZ5dnrvKkln9ESdoTR8R7GKW9rNpXNZrxGsOXsbsTpE=",
        "owner": "nixos",
        "repo": "nixpkgs",
        "rev": "f12ee5f64c6a09995e71c9626d88c4efa983b488",
        "type": "github"
      },
      "original": {
        "owner": "nixos",
        "ref": "nixos-24.05",
        "repo": "nixpkgs",
        "type": "github"
      }
    },
    "root": {
      "inputs": {
        "flake-programs-sqlite": "flake-programs-sqlite",
        "hidden": "hidden",
        "nixpkgs": "nixpkgs"
      }
    },
    "utils": {
      "locked": {
        "lastModified": 1678901627,
        "narHash": "sha256-U02riOqrKKzwjsxc/400XnElV+UtPUQWpANPlyazjH0=",
        "owner": "numtide",
        "repo": "flake-utils",
        "rev": "93a2b84fc4b70d9e089d029deacc3583435c2ed6",
        "type": "github"
      },
      "original": {
        "owner": "numtide",
        "repo": "flake-utils",
        "type": "github"
      }
    }
  },
  "root": "root",
  "version": 7
}
